
Microsoft Visual Studio Solution File, Format Version 12.00
# Visual Studio 15
VisualStudioVersion = 15.0.26124.0
MinimumVisualStudioVersion = 15.0.26124.0
Project("{FAE04EC0-301F-11D3-BF4B-00C04F79EFBC}") = "CutAndFill", "src\CutAndFill.csproj", "{EF9D7EE0-D9FB-45E2-81C3-623631A3BECF}"
EndProject
Project("{FAE04EC0-301F-11D3-BF4B-00C04F79EFBC}") = "CutAndFill.Dependencies", "dependencies\CutAndFill.Dependencies.csproj", "{11BDED36-748B-486A-BE3D-7EF1BF8CE709}"
EndProject
Project("{FAE04EC0-301F-11D3-BF4B-00C04F79EFBC}") = "CutAndFill.Tests", "test\CutAndFill.Tests.csproj", "{93D9F692-04BE-4CA7-AEDA-F6916B46E11E}"
EndProject
Global
	GlobalSection(SolutionConfigurationPlatforms) = preSolution
		Debug|Any CPU = Debug|Any CPU
		Debug|x64 = Debug|x64
		Debug|x86 = Debug|x86
		Release|Any CPU = Release|Any CPU
		Release|x64 = Release|x64
		Release|x86 = Release|x86
	EndGlobalSection
	GlobalSection(SolutionProperties) = preSolution
		HideSolutionNode = FALSE
	EndGlobalSection
	GlobalSection(ProjectConfigurationPlatforms) = postSolution
		{EF9D7EE0-D9FB-45E2-81C3-623631A3BECF}.Debug|Any CPU.ActiveCfg = Debug|Any CPU
		{EF9D7EE0-D9FB-45E2-81C3-623631A3BECF}.Debug|Any CPU.Build.0 = Debug|Any CPU
		{EF9D7EE0-D9FB-45E2-81C3-623631A3BECF}.Debug|x64.ActiveCfg = Debug|Any CPU
		{EF9D7EE0-D9FB-45E2-81C3-623631A3BECF}.Debug|x64.Build.0 = Debug|Any CPU
		{EF9D7EE0-D9FB-45E2-81C3-623631A3BECF}.Debug|x86.ActiveCfg = Debug|Any CPU
		{EF9D7EE0-D9FB-45E2-81C3-623631A3BECF}.Debug|x86.Build.0 = Debug|Any CPU
		{EF9D7EE0-D9FB-45E2-81C3-623631A3BECF}.Release|Any CPU.ActiveCfg = Release|Any CPU
		{EF9D7EE0-D9FB-45E2-81C3-623631A3BECF}.Release|Any CPU.Build.0 = Release|Any CPU
		{EF9D7EE0-D9FB-45E2-81C3-623631A3BECF}.Release|x64.ActiveCfg = Release|Any CPU
		{EF9D7EE0-D9FB-45E2-81C3-623631A3BECF}.Release|x64.Build.0 = Release|Any CPU
		{EF9D7EE0-D9FB-45E2-81C3-623631A3BECF}.Release|x86.ActiveCfg = Release|Any CPU
		{EF9D7EE0-D9FB-45E2-81C3-623631A3BECF}.Release|x86.Build.0 = Release|Any CPU
		{11BDED36-748B-486A-BE3D-7EF1BF8CE709}.Debug|Any CPU.ActiveCfg = Debug|Any CPU
		{11BDED36-748B-486A-BE3D-7EF1BF8CE709}.Debug|Any CPU.Build.0 = Debug|Any CPU
		{11BDED36-748B-486A-BE3D-7EF1BF8CE709}.Debug|x64.ActiveCfg = Debug|Any CPU
		{11BDED36-748B-486A-BE3D-7EF1BF8CE709}.Debug|x64.Build.0 = Debug|Any CPU
		{11BDED36-748B-486A-BE3D-7EF1BF8CE709}.Debug|x86.ActiveCfg = Debug|Any CPU
		{11BDED36-748B-486A-BE3D-7EF1BF8CE709}.Debug|x86.Build.0 = Debug|Any CPU
		{11BDED36-748B-486A-BE3D-7EF1BF8CE709}.Release|Any CPU.ActiveCfg = Release|Any CPU
		{11BDED36-748B-486A-BE3D-7EF1BF8CE709}.Release|Any CPU.Build.0 = Release|Any CPU
		{11BDED36-748B-486A-BE3D-7EF1BF8CE709}.Release|x64.ActiveCfg = Release|Any CPU
		{11BDED36-748B-486A-BE3D-7EF1BF8CE709}.Release|x64.Build.0 = Release|Any CPU
		{11BDED36-748B-486A-BE3D-7EF1BF8CE709}.Release|x86.ActiveCfg = Release|Any CPU
		{11BDED36-748B-486A-BE3D-7EF1BF8CE709}.Release|x86.Build.0 = Release|Any CPU
		{93D9F692-04BE-4CA7-AEDA-F6916B46E11E}.Debug|Any CPU.ActiveCfg = Debug|Any CPU
		{93D9F692-04BE-4CA7-AEDA-F6916B46E11E}.Debug|Any CPU.Build.0 = Debug|Any CPU
		{93D9F692-04BE-4CA7-AEDA-F6916B46E11E}.Debug|x64.ActiveCfg = Debug|Any CPU
		{93D9F692-04BE-4CA7-AEDA-F6916B46E11E}.Debug|x64.Build.0 = Debug|Any CPU
		{93D9F692-04BE-4CA7-AEDA-F6916B46E11E}.Debug|x86.ActiveCfg = Debug|Any CPU
		{93D9F692-04BE-4CA7-AEDA-F6916B46E11E}.Debug|x86.Build.0 = Debug|Any CPU
		{93D9F692-04BE-4CA7-AEDA-F6916B46E11E}.Release|Any CPU.ActiveCfg = Release|Any CPU
		{93D9F692-04BE-4CA7-AEDA-F6916B46E11E}.Release|Any CPU.Build.0 = Release|Any CPU
		{93D9F692-04BE-4CA7-AEDA-F6916B46E11E}.Release|x64.ActiveCfg = Release|Any CPU
		{93D9F692-04BE-4CA7-AEDA-F6916B46E11E}.Release|x64.Build.0 = Release|Any CPU
		{93D9F692-04BE-4CA7-AEDA-F6916B46E11E}.Release|x86.ActiveCfg = Release|Any CPU
		{93D9F692-04BE-4CA7-AEDA-F6916B46E11E}.Release|x86.Build.0 = Release|Any CPU
	EndGlobalSection
EndGlobal
